
Microsoft Visual Studio Solution File, Format Version 12.00
# Visual Studio Version 16
VisualStudioVersion = 16.0.31229.75
MinimumVisualStudioVersion = 10.0.40219.1
Project("{FAE04EC0-301F-11D3-BF4B-00C04F79EFBC}") = "ITD_Map_Editor", "ITD_Map_Editor.csproj", "{BB42F69E-2960-4F05-82BB-13D5729ED730}"
EndProject
Global
	GlobalSection(SolutionConfigurationPlatforms) = preSolution
		Debug|Any CPU = Debug|Any CPU
		Release|Any CPU = Release|Any CPU
	EndGlobalSection
	GlobalSection(ProjectConfigurationPlatforms) = postSolution
		{BB42F69E-2960-4F05-82BB-13D5729ED730}.Debug|Any CPU.ActiveCfg = Debug|Any CPU
		{BB42F69E-2960-4F05-82BB-13D5729ED730}.Debug|Any CPU.Build.0 = Debug|Any CPU
		{BB42F69E-2960-4F05-82BB-13D5729ED730}.Release|Any CPU.ActiveCfg = Release|Any CPU
		{BB42F69E-2960-4F05-82BB-13D5729ED730}.Release|Any CPU.Build.0 = Release|Any CPU
	EndGlobalSection
	GlobalSection(SolutionProperties) = preSolution
		HideSolutionNode = FALSE
	EndGlobalSection
	GlobalSection(ExtensibilityGlobals) = postSolution
		SolutionGuid = {90673AFD-CE9B-4B7B-AB3D-78FC11BD0465}
	EndGlobalSection
EndGlobal
